// !$*UTF8*$!
{
	archiveVersion = 1;
	classes = {
	};
	objectVersion = 56;
	objects = {

/* Begin PBXBuildFile section */
		72038450298EEFB1005DC2C6 /* AppDelegate.swift in Sources */ = {isa = PBXBuildFile; fileRef = 728BCF7A2982FFE2005CE71C /* AppDelegate.swift */; };
		72038452298EF03E005DC2C6 /* StageActionCommonView.swift in Sources */ = {isa = PBXBuildFile; fileRef = 72038451298EF03E005DC2C6 /* StageActionCommonView.swift */; };
		72038453298EF03E005DC2C6 /* StageActionCommonView.swift in Sources */ = {isa = PBXBuildFile; fileRef = 72038451298EF03E005DC2C6 /* StageActionCommonView.swift */; };
		7205D7FE298475D900D88DC2 /* Assets.xcassets in Resources */ = {isa = PBXBuildFile; fileRef = 7205D7FD298475D900D88DC2 /* Assets.xcassets */; };
		720C092E29741F74000AFFCC /* StageDisplayView.swift in Sources */ = {isa = PBXBuildFile; fileRef = 720C092D29741F74000AFFCC /* StageDisplayView.swift */; };
		7212D0DA29804ADD002A6848 /* ItineraryDocument.swift in Sources */ = {isa = PBXBuildFile; fileRef = 7212D0D929804ADD002A6848 /* ItineraryDocument.swift */; };
		722A58CD297FF14D0061620C /* Utilities.swift in Sources */ = {isa = PBXBuildFile; fileRef = 72E7ADB429636E8400D22D37 /* Utilities.swift */; };
		722A58CE297FF1570061620C /* ItineraryStore.swift in Sources */ = {isa = PBXBuildFile; fileRef = 72E7F09B295F405300367612 /* ItineraryStore.swift */; };
		722A58CF297FF1570061620C /* Itinerary.swift in Sources */ = {isa = PBXBuildFile; fileRef = 72E7F09D295F42BE00367612 /* Itinerary.swift */; };
		722A58D0297FF1570061620C /* Stage.swift in Sources */ = {isa = PBXBuildFile; fileRef = 7258974629643C7D00EA782E /* Stage.swift */; };
		722A58D2297FF1D10061620C /* Konstants.swift in Sources */ = {isa = PBXBuildFile; fileRef = 722A58D1297FF1D10061620C /* Konstants.swift */; };
		722A58D3297FF1D10061620C /* Konstants.swift in Sources */ = {isa = PBXBuildFile; fileRef = 722A58D1297FF1D10061620C /* Konstants.swift */; };
		72382CB22979D3F900DE76E3 /* itinerantApp.swift in Sources */ = {isa = PBXBuildFile; fileRef = 72382CB12979D3F900DE76E3 /* itinerantApp.swift */; };
		72430EA22987F2830046A2DF /* SettingsView.swift in Sources */ = {isa = PBXBuildFile; fileRef = 72430EA12987F2830046A2DF /* SettingsView.swift */; };
		7243361629A15144004EE79E /* CustomViewModifiers.swift in Sources */ = {isa = PBXBuildFile; fileRef = 7243361529A15144004EE79E /* CustomViewModifiers.swift */; };
		7243361729A15144004EE79E /* CustomViewModifiers.swift in Sources */ = {isa = PBXBuildFile; fileRef = 7243361529A15144004EE79E /* CustomViewModifiers.swift */; };
		725666782965AFC200B678CB /* ItineraryEditView.swift in Sources */ = {isa = PBXBuildFile; fileRef = 725666772965AFC200B678CB /* ItineraryEditView.swift */; };
		7256AF952965D53300FBE53E /* StageEditView.swift in Sources */ = {isa = PBXBuildFile; fileRef = 7256AF942965D53300FBE53E /* StageEditView.swift */; };
		72586236298FF46B00B8331D /* ItineraryActionCommonView.swift in Sources */ = {isa = PBXBuildFile; fileRef = 72586235298FF46B00B8331D /* ItineraryActionCommonView.swift */; };
		72586237298FF46B00B8331D /* ItineraryActionCommonView.swift in Sources */ = {isa = PBXBuildFile; fileRef = 72586235298FF46B00B8331D /* ItineraryActionCommonView.swift */; };
		7258974729643C7D00EA782E /* Stage.swift in Sources */ = {isa = PBXBuildFile; fileRef = 7258974629643C7D00EA782E /* Stage.swift */; };
		7258974D2964827900EA782E /* ItineraryActionView.swift in Sources */ = {isa = PBXBuildFile; fileRef = 7258974C2964827900EA782E /* ItineraryActionView.swift */; };
		725FA975298FC30A00AC7B94 /* WKStageActionView.swift in Sources */ = {isa = PBXBuildFile; fileRef = 725FA974298FC30A00AC7B94 /* WKStageActionView.swift */; };
		725FA977298FCB5A00AC7B94 /* StageActionView.swift in Sources */ = {isa = PBXBuildFile; fileRef = 725FA976298FCB5A00AC7B94 /* StageActionView.swift */; };
		72717ECE29844D2200CA84FD /* WKItineraryActionView.swift in Sources */ = {isa = PBXBuildFile; fileRef = 72717ECD29844D2200CA84FD /* WKItineraryActionView.swift */; };
		7271D06A29A27B54008B4C0F /* ItineraryStoreNavStackView.swift in Sources */ = {isa = PBXBuildFile; fileRef = 7271D06929A27B54008B4C0F /* ItineraryStoreNavStackView.swift */; };
		7272F09029855AD700F58305 /* Notifications.swift in Sources */ = {isa = PBXBuildFile; fileRef = 7272F08F29855AD700F58305 /* Notifications.swift */; };
		7272F09129855AD700F58305 /* Notifications.swift in Sources */ = {isa = PBXBuildFile; fileRef = 7272F08F29855AD700F58305 /* Notifications.swift */; };
		7282F4012985A473009B87E7 /* Assets.xcassets in Resources */ = {isa = PBXBuildFile; fileRef = 7282F4002985A473009B87E7 /* Assets.xcassets */; };
		7282F4022985A473009B87E7 /* Assets.xcassets in Resources */ = {isa = PBXBuildFile; fileRef = 7282F4002985A473009B87E7 /* Assets.xcassets */; };
		728BCF7B2982FFE2005CE71C /* AppDelegate.swift in Sources */ = {isa = PBXBuildFile; fileRef = 728BCF7A2982FFE2005CE71C /* AppDelegate.swift */; };
		72C5846C29A2D24600AE7424 /* ItineraryStoreViewNavTitleToolBar.swift in Sources */ = {isa = PBXBuildFile; fileRef = 72C5846B29A2D24600AE7424 /* ItineraryStoreViewNavTitleToolBar.swift */; };
		72E7ADB529636E8400D22D37 /* Utilities.swift in Sources */ = {isa = PBXBuildFile; fileRef = 72E7ADB429636E8400D22D37 /* Utilities.swift */; };
		72E7F079295F3F6400367612 /* ItineraryStoreView.swift in Sources */ = {isa = PBXBuildFile; fileRef = 72E7F078295F3F6400367612 /* ItineraryStoreView.swift */; };
		72E7F07B295F3F6500367612 /* Assets.xcassets in Resources */ = {isa = PBXBuildFile; fileRef = 72E7F07A295F3F6500367612 /* Assets.xcassets */; };
		72E7F07E295F3F6500367612 /* Preview Assets.xcassets in Resources */ = {isa = PBXBuildFile; fileRef = 72E7F07D295F3F6500367612 /* Preview Assets.xcassets */; };
		72E7F084295F3F6500367612 /* itinerant Watch App.app in Embed Watch Content */ = {isa = PBXBuildFile; fileRef = 72E7F083295F3F6500367612 /* itinerant Watch App.app */; settings = {ATTRIBUTES = (RemoveHeadersOnCopy, ); }; };
		72E7F089295F3F6500367612 /* WKItinerantApp.swift in Sources */ = {isa = PBXBuildFile; fileRef = 72E7F088295F3F6500367612 /* WKItinerantApp.swift */; };
		72E7F08B295F3F6500367612 /* WKItinerantStoreView.swift in Sources */ = {isa = PBXBuildFile; fileRef = 72E7F08A295F3F6500367612 /* WKItinerantStoreView.swift */; };
		72E7F090295F3F6500367612 /* Preview Assets.xcassets in Resources */ = {isa = PBXBuildFile; fileRef = 72E7F08F295F3F6500367612 /* Preview Assets.xcassets */; };
		72E7F09C295F405300367612 /* ItineraryStore.swift in Sources */ = {isa = PBXBuildFile; fileRef = 72E7F09B295F405300367612 /* ItineraryStore.swift */; };
		72E7F09E295F42BE00367612 /* Itinerary.swift in Sources */ = {isa = PBXBuildFile; fileRef = 72E7F09D295F42BE00367612 /* Itinerary.swift */; };
		72F3A1EE29A21F0B0070273B /* ItineraryStoreSplitView.swift in Sources */ = {isa = PBXBuildFile; fileRef = 72F3A1ED29A21F0B0070273B /* ItineraryStoreSplitView.swift */; };
/* End PBXBuildFile section */

/* Begin PBXContainerItemProxy section */
		72E7F085295F3F6500367612 /* PBXContainerItemProxy */ = {
			isa = PBXContainerItemProxy;
			containerPortal = 72E7F06B295F3F6300367612 /* Project object */;
			proxyType = 1;
			remoteGlobalIDString = 72E7F082295F3F6500367612;
			remoteInfo = "itinerant Watch App";
		};
/* End PBXContainerItemProxy section */

/* Begin PBXCopyFilesBuildPhase section */
		72E7F096295F3F6500367612 /* Embed Watch Content */ = {
			isa = PBXCopyFilesBuildPhase;
			buildActionMask = 2147483647;
			dstPath = "$(CONTENTS_FOLDER_PATH)/Watch";
			dstSubfolderSpec = 16;
			files = (
				72E7F084295F3F6500367612 /* itinerant Watch App.app in Embed Watch Content */,
			);
			name = "Embed Watch Content";
			runOnlyForDeploymentPostprocessing = 0;
		};
/* End PBXCopyFilesBuildPhase section */

/* Begin PBXFileReference section */
		72038451298EF03E005DC2C6 /* StageActionCommonView.swift */ = {isa = PBXFileReference; fileEncoding = 4; lastKnownFileType = sourcecode.swift; name = StageActionCommonView.swift; path = sharedViews/StageActionCommonView.swift; sourceTree = SOURCE_ROOT; };
		7205D7FD298475D900D88DC2 /* Assets.xcassets */ = {isa = PBXFileReference; lastKnownFileType = folder.assetcatalog; path = Assets.xcassets; sourceTree = "<group>"; };
		720C092D29741F74000AFFCC /* StageDisplayView.swift */ = {isa = PBXFileReference; lastKnownFileType = sourcecode.swift; path = StageDisplayView.swift; sourceTree = "<group>"; };
		7212D0D929804ADD002A6848 /* ItineraryDocument.swift */ = {isa = PBXFileReference; lastKnownFileType = sourcecode.swift; path = ItineraryDocument.swift; sourceTree = "<group>"; };
		722A58D1297FF1D10061620C /* Konstants.swift */ = {isa = PBXFileReference; lastKnownFileType = sourcecode.swift; path = Konstants.swift; sourceTree = "<group>"; };
		72382CB12979D3F900DE76E3 /* itinerantApp.swift */ = {isa = PBXFileReference; fileEncoding = 4; lastKnownFileType = sourcecode.swift; path = itinerantApp.swift; sourceTree = "<group>"; };
		72430EA12987F2830046A2DF /* SettingsView.swift */ = {isa = PBXFileReference; lastKnownFileType = sourcecode.swift; path = SettingsView.swift; sourceTree = "<group>"; };
		7243361529A15144004EE79E /* CustomViewModifiers.swift */ = {isa = PBXFileReference; lastKnownFileType = sourcecode.swift; path = CustomViewModifiers.swift; sourceTree = "<group>"; };
		725666772965AFC200B678CB /* ItineraryEditView.swift */ = {isa = PBXFileReference; lastKnownFileType = sourcecode.swift; path = ItineraryEditView.swift; sourceTree = "<group>"; };
		7256AF942965D53300FBE53E /* StageEditView.swift */ = {isa = PBXFileReference; lastKnownFileType = sourcecode.swift; path = StageEditView.swift; sourceTree = "<group>"; };
		72586235298FF46B00B8331D /* ItineraryActionCommonView.swift */ = {isa = PBXFileReference; fileEncoding = 4; lastKnownFileType = sourcecode.swift; path = ItineraryActionCommonView.swift; sourceTree = "<group>"; };
		7258974629643C7D00EA782E /* Stage.swift */ = {isa = PBXFileReference; lastKnownFileType = sourcecode.swift; path = Stage.swift; sourceTree = "<group>"; };
		7258974C2964827900EA782E /* ItineraryActionView.swift */ = {isa = PBXFileReference; lastKnownFileType = sourcecode.swift; path = ItineraryActionView.swift; sourceTree = "<group>"; };
		725FA974298FC30A00AC7B94 /* WKStageActionView.swift */ = {isa = PBXFileReference; lastKnownFileType = sourcecode.swift; path = WKStageActionView.swift; sourceTree = "<group>"; };
		725FA976298FCB5A00AC7B94 /* StageActionView.swift */ = {isa = PBXFileReference; lastKnownFileType = sourcecode.swift; path = StageActionView.swift; sourceTree = "<group>"; };
		72717ECD29844D2200CA84FD /* WKItineraryActionView.swift */ = {isa = PBXFileReference; lastKnownFileType = sourcecode.swift; path = WKItineraryActionView.swift; sourceTree = "<group>"; };
		7271D06929A27B54008B4C0F /* ItineraryStoreNavStackView.swift */ = {isa = PBXFileReference; lastKnownFileType = sourcecode.swift; path = ItineraryStoreNavStackView.swift; sourceTree = "<group>"; };
		7272F08F29855AD700F58305 /* Notifications.swift */ = {isa = PBXFileReference; lastKnownFileType = sourcecode.swift; path = Notifications.swift; sourceTree = "<group>"; };
		7282F4002985A473009B87E7 /* Assets.xcassets */ = {isa = PBXFileReference; lastKnownFileType = folder.assetcatalog; path = Assets.xcassets; sourceTree = "<group>"; };
		728BCF7A2982FFE2005CE71C /* AppDelegate.swift */ = {isa = PBXFileReference; lastKnownFileType = sourcecode.swift; path = AppDelegate.swift; sourceTree = "<group>"; };
		72BAE1ED29872AF1006E3068 /* itinerant-Watch-App-Info.plist */ = {isa = PBXFileReference; lastKnownFileType = text.plist; path = "itinerant-Watch-App-Info.plist"; sourceTree = SOURCE_ROOT; };
		72C5846B29A2D24600AE7424 /* ItineraryStoreViewNavTitleToolBar.swift */ = {isa = PBXFileReference; lastKnownFileType = sourcecode.swift; path = ItineraryStoreViewNavTitleToolBar.swift; sourceTree = "<group>"; };
		72E7ADB429636E8400D22D37 /* Utilities.swift */ = {isa = PBXFileReference; lastKnownFileType = sourcecode.swift; path = Utilities.swift; sourceTree = "<group>"; };
		72E7F073295F3F6400367612 /* itinerant.app */ = {isa = PBXFileReference; explicitFileType = wrapper.application; includeInIndex = 0; path = itinerant.app; sourceTree = BUILT_PRODUCTS_DIR; };
		72E7F078295F3F6400367612 /* ItineraryStoreView.swift */ = {isa = PBXFileReference; lastKnownFileType = sourcecode.swift; path = ItineraryStoreView.swift; sourceTree = "<group>"; };
		72E7F07A295F3F6500367612 /* Assets.xcassets */ = {isa = PBXFileReference; lastKnownFileType = folder.assetcatalog; path = Assets.xcassets; sourceTree = "<group>"; };
		72E7F07D295F3F6500367612 /* Preview Assets.xcassets */ = {isa = PBXFileReference; lastKnownFileType = folder.assetcatalog; path = "Preview Assets.xcassets"; sourceTree = "<group>"; };
		72E7F083295F3F6500367612 /* itinerant Watch App.app */ = {isa = PBXFileReference; explicitFileType = wrapper.application; includeInIndex = 0; path = "itinerant Watch App.app"; sourceTree = BUILT_PRODUCTS_DIR; };
		72E7F088295F3F6500367612 /* WKItinerantApp.swift */ = {isa = PBXFileReference; lastKnownFileType = sourcecode.swift; path = WKItinerantApp.swift; sourceTree = "<group>"; };
		72E7F08A295F3F6500367612 /* WKItinerantStoreView.swift */ = {isa = PBXFileReference; lastKnownFileType = sourcecode.swift; path = WKItinerantStoreView.swift; sourceTree = "<group>"; };
		72E7F08F295F3F6500367612 /* Preview Assets.xcassets */ = {isa = PBXFileReference; lastKnownFileType = folder.assetcatalog; path = "Preview Assets.xcassets"; sourceTree = "<group>"; };
		72E7F09B295F405300367612 /* ItineraryStore.swift */ = {isa = PBXFileReference; lastKnownFileType = sourcecode.swift; path = ItineraryStore.swift; sourceTree = "<group>"; };
		72E7F09D295F42BE00367612 /* Itinerary.swift */ = {isa = PBXFileReference; lastKnownFileType = sourcecode.swift; path = Itinerary.swift; sourceTree = "<group>"; };
		72E7F09F295F4ADA00367612 /* Info.plist */ = {isa = PBXFileReference; lastKnownFileType = text.plist; path = Info.plist; sourceTree = "<group>"; };
		72F3A1ED29A21F0B0070273B /* ItineraryStoreSplitView.swift */ = {isa = PBXFileReference; lastKnownFileType = sourcecode.swift; path = ItineraryStoreSplitView.swift; sourceTree = "<group>"; };
/* End PBXFileReference section */

/* Begin PBXFrameworksBuildPhase section */
		72E7F070295F3F6400367612 /* Frameworks */ = {
			isa = PBXFrameworksBuildPhase;
			buildActionMask = 2147483647;
			files = (
			);
			runOnlyForDeploymentPostprocessing = 0;
		};
		72E7F080295F3F6500367612 /* Frameworks */ = {
			isa = PBXFrameworksBuildPhase;
			buildActionMask = 2147483647;
			files = (
			);
			runOnlyForDeploymentPostprocessing = 0;
		};
/* End PBXFrameworksBuildPhase section */

/* Begin PBXGroup section */
		72430EA02987F2370046A2DF /* sharedViews */ = {
			isa = PBXGroup;
			children = (
				728BCF7A2982FFE2005CE71C /* AppDelegate.swift */,
				72586235298FF46B00B8331D /* ItineraryActionCommonView.swift */,
				72038451298EF03E005DC2C6 /* StageActionCommonView.swift */,
			);
			path = sharedViews;
			sourceTree = "<group>";
		};
		72E7F06A295F3F6300367612 = {
			isa = PBXGroup;
			children = (
				7282F4002985A473009B87E7 /* Assets.xcassets */,
				722A58D1297FF1D10061620C /* Konstants.swift */,
				72E7ADB429636E8400D22D37 /* Utilities.swift */,
				7272F08F29855AD700F58305 /* Notifications.swift */,
				7243361529A15144004EE79E /* CustomViewModifiers.swift */,
				72E7F09A295F3F8200367612 /* Models */,
				72430EA02987F2370046A2DF /* sharedViews */,
				72E7F075295F3F6400367612 /* itinerant */,
				72E7F087295F3F6500367612 /* itinerant Watch App */,
				72E7F074295F3F6400367612 /* Products */,
			);
			sourceTree = "<group>";
		};
		72E7F074295F3F6400367612 /* Products */ = {
			isa = PBXGroup;
			children = (
				72E7F073295F3F6400367612 /* itinerant.app */,
				72E7F083295F3F6500367612 /* itinerant Watch App.app */,
			);
			name = Products;
			sourceTree = "<group>";
		};
		72E7F075295F3F6400367612 /* itinerant */ = {
			isa = PBXGroup;
			children = (
				72430EA12987F2830046A2DF /* SettingsView.swift */,
				72382CB12979D3F900DE76E3 /* itinerantApp.swift */,
				72E7F078295F3F6400367612 /* ItineraryStoreView.swift */,
				7271D06929A27B54008B4C0F /* ItineraryStoreNavStackView.swift */,
				72F3A1ED29A21F0B0070273B /* ItineraryStoreSplitView.swift */,
				7258974C2964827900EA782E /* ItineraryActionView.swift */,
				725666772965AFC200B678CB /* ItineraryEditView.swift */,
				725FA976298FCB5A00AC7B94 /* StageActionView.swift */,
				720C092D29741F74000AFFCC /* StageDisplayView.swift */,
				7256AF942965D53300FBE53E /* StageEditView.swift */,
				72E7F07A295F3F6500367612 /* Assets.xcassets */,
				72E7F09F295F4ADA00367612 /* Info.plist */,
				72E7F07C295F3F6500367612 /* Preview Content */,
				72C5846B29A2D24600AE7424 /* ItineraryStoreViewNavTitleToolBar.swift */,
			);
			path = itinerant;
			sourceTree = "<group>";
		};
		72E7F07C295F3F6500367612 /* Preview Content */ = {
			isa = PBXGroup;
			children = (
				72E7F07D295F3F6500367612 /* Preview Assets.xcassets */,
			);
			path = "Preview Content";
			sourceTree = "<group>";
		};
		72E7F087295F3F6500367612 /* itinerant Watch App */ = {
			isa = PBXGroup;
			children = (
				72BAE1ED29872AF1006E3068 /* itinerant-Watch-App-Info.plist */,
				7205D7FD298475D900D88DC2 /* Assets.xcassets */,
				72E7F088295F3F6500367612 /* WKItinerantApp.swift */,
				72E7F08A295F3F6500367612 /* WKItinerantStoreView.swift */,
				72717ECD29844D2200CA84FD /* WKItineraryActionView.swift */,
				725FA974298FC30A00AC7B94 /* WKStageActionView.swift */,
				72E7F08E295F3F6500367612 /* Preview Content */,
			);
			path = "itinerant Watch App";
			sourceTree = "<group>";
		};
		72E7F08E295F3F6500367612 /* Preview Content */ = {
			isa = PBXGroup;
			children = (
				72E7F08F295F3F6500367612 /* Preview Assets.xcassets */,
			);
			path = "Preview Content";
			sourceTree = "<group>";
		};
		72E7F09A295F3F8200367612 /* Models */ = {
			isa = PBXGroup;
			children = (
				72E7F09B295F405300367612 /* ItineraryStore.swift */,
				72E7F09D295F42BE00367612 /* Itinerary.swift */,
				7258974629643C7D00EA782E /* Stage.swift */,
				7212D0D929804ADD002A6848 /* ItineraryDocument.swift */,
			);
			path = Models;
			sourceTree = "<group>";
		};
/* End PBXGroup section */

/* Begin PBXNativeTarget section */
		72E7F072295F3F6400367612 /* itinerant */ = {
			isa = PBXNativeTarget;
			buildConfigurationList = 72E7F097295F3F6500367612 /* Build configuration list for PBXNativeTarget "itinerant" */;
			buildPhases = (
				72E7F06F295F3F6400367612 /* Sources */,
				72E7F070295F3F6400367612 /* Frameworks */,
				72E7F071295F3F6400367612 /* Resources */,
				72E7F096295F3F6500367612 /* Embed Watch Content */,
			);
			buildRules = (
			);
			dependencies = (
				72E7F086295F3F6500367612 /* PBXTargetDependency */,
			);
			name = itinerant;
			productName = itinerant;
			productReference = 72E7F073295F3F6400367612 /* itinerant.app */;
			productType = "com.apple.product-type.application";
		};
		72E7F082295F3F6500367612 /* itinerant Watch App */ = {
			isa = PBXNativeTarget;
			buildConfigurationList = 72E7F093295F3F6500367612 /* Build configuration list for PBXNativeTarget "itinerant Watch App" */;
			buildPhases = (
				72E7F07F295F3F6500367612 /* Sources */,
				72E7F080295F3F6500367612 /* Frameworks */,
				72E7F081295F3F6500367612 /* Resources */,
			);
			buildRules = (
			);
			dependencies = (
			);
			name = "itinerant Watch App";
			productName = "itinerant Watch App";
			productReference = 72E7F083295F3F6500367612 /* itinerant Watch App.app */;
			productType = "com.apple.product-type.application";
		};
/* End PBXNativeTarget section */

/* Begin PBXProject section */
		72E7F06B295F3F6300367612 /* Project object */ = {
			isa = PBXProject;
			attributes = {
				BuildIndependentTargetsInParallel = 1;
				LastSwiftUpdateCheck = 1420;
				LastUpgradeCheck = 1420;
				TargetAttributes = {
					72E7F072295F3F6400367612 = {
						CreatedOnToolsVersion = 14.2;
					};
					72E7F082295F3F6500367612 = {
						CreatedOnToolsVersion = 14.2;
					};
				};
			};
			buildConfigurationList = 72E7F06E295F3F6300367612 /* Build configuration list for PBXProject "itinerant" */;
			compatibilityVersion = "Xcode 14.0";
			developmentRegion = en;
			hasScannedForEncodings = 0;
			knownRegions = (
				en,
				Base,
			);
			mainGroup = 72E7F06A295F3F6300367612;
			productRefGroup = 72E7F074295F3F6400367612 /* Products */;
			projectDirPath = "";
			projectRoot = "";
			targets = (
				72E7F072295F3F6400367612 /* itinerant */,
				72E7F082295F3F6500367612 /* itinerant Watch App */,
			);
		};
/* End PBXProject section */

/* Begin PBXResourcesBuildPhase section */
		72E7F071295F3F6400367612 /* Resources */ = {
			isa = PBXResourcesBuildPhase;
			buildActionMask = 2147483647;
			files = (
				72E7F07E295F3F6500367612 /* Preview Assets.xcassets in Resources */,
				7282F4012985A473009B87E7 /* Assets.xcassets in Resources */,
				72E7F07B295F3F6500367612 /* Assets.xcassets in Resources */,
			);
			runOnlyForDeploymentPostprocessing = 0;
		};
		72E7F081295F3F6500367612 /* Resources */ = {
			isa = PBXResourcesBuildPhase;
			buildActionMask = 2147483647;
			files = (
				7205D7FE298475D900D88DC2 /* Assets.xcassets in Resources */,
				7282F4022985A473009B87E7 /* Assets.xcassets in Resources */,
				72E7F090295F3F6500367612 /* Preview Assets.xcassets in Resources */,
			);
			runOnlyForDeploymentPostprocessing = 0;
		};
/* End PBXResourcesBuildPhase section */

/* Begin PBXSourcesBuildPhase section */
		72E7F06F295F3F6400367612 /* Sources */ = {
			isa = PBXSourcesBuildPhase;
			buildActionMask = 2147483647;
			files = (
				7272F09029855AD700F58305 /* Notifications.swift in Sources */,
				72382CB22979D3F900DE76E3 /* itinerantApp.swift in Sources */,
				725666782965AFC200B678CB /* ItineraryEditView.swift in Sources */,
				720C092E29741F74000AFFCC /* StageDisplayView.swift in Sources */,
				722A58D2297FF1D10061620C /* Konstants.swift in Sources */,
				72C5846C29A2D24600AE7424 /* ItineraryStoreViewNavTitleToolBar.swift in Sources */,
				72586236298FF46B00B8331D /* ItineraryActionCommonView.swift in Sources */,
				7243361629A15144004EE79E /* CustomViewModifiers.swift in Sources */,
				728BCF7B2982FFE2005CE71C /* AppDelegate.swift in Sources */,
				7258974729643C7D00EA782E /* Stage.swift in Sources */,
				725FA977298FCB5A00AC7B94 /* StageActionView.swift in Sources */,
				7212D0DA29804ADD002A6848 /* ItineraryDocument.swift in Sources */,
				72F3A1EE29A21F0B0070273B /* ItineraryStoreSplitView.swift in Sources */,
				72E7F09C295F405300367612 /* ItineraryStore.swift in Sources */,
				72430EA22987F2830046A2DF /* SettingsView.swift in Sources */,
				72038452298EF03E005DC2C6 /* StageActionCommonView.swift in Sources */,
				72E7F09E295F42BE00367612 /* Itinerary.swift in Sources */,
				72E7F079295F3F6400367612 /* ItineraryStoreView.swift in Sources */,
				7258974D2964827900EA782E /* ItineraryActionView.swift in Sources */,
				72E7ADB529636E8400D22D37 /* Utilities.swift in Sources */,
				7256AF952965D53300FBE53E /* StageEditView.swift in Sources */,
				7271D06A29A27B54008B4C0F /* ItineraryStoreNavStackView.swift in Sources */,
			);
			runOnlyForDeploymentPostprocessing = 0;
		};
		72E7F07F295F3F6500367612 /* Sources */ = {
			isa = PBXSourcesBuildPhase;
			buildActionMask = 2147483647;
			files = (
				7243361729A15144004EE79E /* CustomViewModifiers.swift in Sources */,
				72038453298EF03E005DC2C6 /* StageActionCommonView.swift in Sources */,
				72038450298EEFB1005DC2C6 /* AppDelegate.swift in Sources */,
				722A58D0297FF1570061620C /* Stage.swift in Sources */,
				72586237298FF46B00B8331D /* ItineraryActionCommonView.swift in Sources */,
				722A58CD297FF14D0061620C /* Utilities.swift in Sources */,
				7272F09129855AD700F58305 /* Notifications.swift in Sources */,
				72E7F08B295F3F6500367612 /* WKItinerantStoreView.swift in Sources */,
				72E7F089295F3F6500367612 /* WKItinerantApp.swift in Sources */,
				722A58CE297FF1570061620C /* ItineraryStore.swift in Sources */,
				72717ECE29844D2200CA84FD /* WKItineraryActionView.swift in Sources */,
				725FA975298FC30A00AC7B94 /* WKStageActionView.swift in Sources */,
				722A58CF297FF1570061620C /* Itinerary.swift in Sources */,
				722A58D3297FF1D10061620C /* Konstants.swift in Sources */,
			);
			runOnlyForDeploymentPostprocessing = 0;
		};
/* End PBXSourcesBuildPhase section */

/* Begin PBXTargetDependency section */
		72E7F086295F3F6500367612 /* PBXTargetDependency */ = {
			isa = PBXTargetDependency;
			target = 72E7F082295F3F6500367612 /* itinerant Watch App */;
			targetProxy = 72E7F085295F3F6500367612 /* PBXContainerItemProxy */;
		};
/* End PBXTargetDependency section */

/* Begin XCBuildConfiguration section */
		72E7F091295F3F6500367612 /* Debug */ = {
			isa = XCBuildConfiguration;
			buildSettings = {
				ALWAYS_SEARCH_USER_PATHS = NO;
				CLANG_ANALYZER_NONNULL = YES;
				CLANG_ANALYZER_NUMBER_OBJECT_CONVERSION = YES_AGGRESSIVE;
				CLANG_CXX_LANGUAGE_STANDARD = "gnu++20";
				CLANG_ENABLE_MODULES = YES;
				CLANG_ENABLE_OBJC_ARC = YES;
				CLANG_ENABLE_OBJC_WEAK = YES;
				CLANG_WARN_BLOCK_CAPTURE_AUTORELEASING = YES;
				CLANG_WARN_BOOL_CONVERSION = YES;
				CLANG_WARN_COMMA = YES;
				CLANG_WARN_CONSTANT_CONVERSION = YES;
				CLANG_WARN_DEPRECATED_OBJC_IMPLEMENTATIONS = YES;
				CLANG_WARN_DIRECT_OBJC_ISA_USAGE = YES_ERROR;
				CLANG_WARN_DOCUMENTATION_COMMENTS = YES;
				CLANG_WARN_EMPTY_BODY = YES;
				CLANG_WARN_ENUM_CONVERSION = YES;
				CLANG_WARN_INFINITE_RECURSION = YES;
				CLANG_WARN_INT_CONVERSION = YES;
				CLANG_WARN_NON_LITERAL_NULL_CONVERSION = YES;
				CLANG_WARN_OBJC_IMPLICIT_RETAIN_SELF = YES;
				CLANG_WARN_OBJC_LITERAL_CONVERSION = YES;
				CLANG_WARN_OBJC_ROOT_CLASS = YES_ERROR;
				CLANG_WARN_QUOTED_INCLUDE_IN_FRAMEWORK_HEADER = YES;
				CLANG_WARN_RANGE_LOOP_ANALYSIS = YES;
				CLANG_WARN_STRICT_PROTOTYPES = YES;
				CLANG_WARN_SUSPICIOUS_MOVE = YES;
				CLANG_WARN_UNGUARDED_AVAILABILITY = YES_AGGRESSIVE;
				CLANG_WARN_UNREACHABLE_CODE = YES;
				CLANG_WARN__DUPLICATE_METHOD_MATCH = YES;
				COPY_PHASE_STRIP = NO;
				DEBUG_INFORMATION_FORMAT = dwarf;
				ENABLE_STRICT_OBJC_MSGSEND = YES;
				ENABLE_TESTABILITY = YES;
				GCC_C_LANGUAGE_STANDARD = gnu11;
				GCC_DYNAMIC_NO_PIC = NO;
				GCC_NO_COMMON_BLOCKS = YES;
				GCC_OPTIMIZATION_LEVEL = 0;
				GCC_PREPROCESSOR_DEFINITIONS = (
					"DEBUG=1",
					"$(inherited)",
				);
				GCC_WARN_64_TO_32_BIT_CONVERSION = YES;
				GCC_WARN_ABOUT_RETURN_TYPE = YES_ERROR;
				GCC_WARN_UNDECLARED_SELECTOR = YES;
				GCC_WARN_UNINITIALIZED_AUTOS = YES_AGGRESSIVE;
				GCC_WARN_UNUSED_FUNCTION = YES;
				GCC_WARN_UNUSED_VARIABLE = YES;
				MTL_ENABLE_DEBUG_INFO = INCLUDE_SOURCE;
				MTL_FAST_MATH = YES;
				ONLY_ACTIVE_ARCH = YES;
				SWIFT_ACTIVE_COMPILATION_CONDITIONS = DEBUG;
				SWIFT_OPTIMIZATION_LEVEL = "-Onone";
			};
			name = Debug;
		};
		72E7F092295F3F6500367612 /* Release */ = {
			isa = XCBuildConfiguration;
			buildSettings = {
				ALWAYS_SEARCH_USER_PATHS = NO;
				CLANG_ANALYZER_NONNULL = YES;
				CLANG_ANALYZER_NUMBER_OBJECT_CONVERSION = YES_AGGRESSIVE;
				CLANG_CXX_LANGUAGE_STANDARD = "gnu++20";
				CLANG_ENABLE_MODULES = YES;
				CLANG_ENABLE_OBJC_ARC = YES;
				CLANG_ENABLE_OBJC_WEAK = YES;
				CLANG_WARN_BLOCK_CAPTURE_AUTORELEASING = YES;
				CLANG_WARN_BOOL_CONVERSION = YES;
				CLANG_WARN_COMMA = YES;
				CLANG_WARN_CONSTANT_CONVERSION = YES;
				CLANG_WARN_DEPRECATED_OBJC_IMPLEMENTATIONS = YES;
				CLANG_WARN_DIRECT_OBJC_ISA_USAGE = YES_ERROR;
				CLANG_WARN_DOCUMENTATION_COMMENTS = YES;
				CLANG_WARN_EMPTY_BODY = YES;
				CLANG_WARN_ENUM_CONVERSION = YES;
				CLANG_WARN_INFINITE_RECURSION = YES;
				CLANG_WARN_INT_CONVERSION = YES;
				CLANG_WARN_NON_LITERAL_NULL_CONVERSION = YES;
				CLANG_WARN_OBJC_IMPLICIT_RETAIN_SELF = YES;
				CLANG_WARN_OBJC_LITERAL_CONVERSION = YES;
				CLANG_WARN_OBJC_ROOT_CLASS = YES_ERROR;
				CLANG_WARN_QUOTED_INCLUDE_IN_FRAMEWORK_HEADER = YES;
				CLANG_WARN_RANGE_LOOP_ANALYSIS = YES;
				CLANG_WARN_STRICT_PROTOTYPES = YES;
				CLANG_WARN_SUSPICIOUS_MOVE = YES;
				CLANG_WARN_UNGUARDED_AVAILABILITY = YES_AGGRESSIVE;
				CLANG_WARN_UNREACHABLE_CODE = YES;
				CLANG_WARN__DUPLICATE_METHOD_MATCH = YES;
				COPY_PHASE_STRIP = NO;
				DEBUG_INFORMATION_FORMAT = "dwarf-with-dsym";
				ENABLE_NS_ASSERTIONS = NO;
				ENABLE_STRICT_OBJC_MSGSEND = YES;
				GCC_C_LANGUAGE_STANDARD = gnu11;
				GCC_NO_COMMON_BLOCKS = YES;
				GCC_WARN_64_TO_32_BIT_CONVERSION = YES;
				GCC_WARN_ABOUT_RETURN_TYPE = YES_ERROR;
				GCC_WARN_UNDECLARED_SELECTOR = YES;
				GCC_WARN_UNINITIALIZED_AUTOS = YES_AGGRESSIVE;
				GCC_WARN_UNUSED_FUNCTION = YES;
				GCC_WARN_UNUSED_VARIABLE = YES;
				MTL_ENABLE_DEBUG_INFO = NO;
				MTL_FAST_MATH = YES;
				SWIFT_COMPILATION_MODE = wholemodule;
				SWIFT_OPTIMIZATION_LEVEL = "-O";
			};
			name = Release;
		};
		72E7F094295F3F6500367612 /* Debug */ = {
			isa = XCBuildConfiguration;
			buildSettings = {
				ASSETCATALOG_COMPILER_APPICON_NAME = AppIcon;
				ASSETCATALOG_COMPILER_GLOBAL_ACCENT_COLOR_NAME = AccentColor;
				CODE_SIGN_STYLE = Automatic;
				CURRENT_PROJECT_VERSION = 1;
				DEVELOPMENT_ASSET_PATHS = "\"itinerant Watch App/Preview Content\"";
				DEVELOPMENT_TEAM = 69G697CP27;
				ENABLE_PREVIEWS = YES;
				GENERATE_INFOPLIST_FILE = YES;
				INFOPLIST_FILE = "itinerant-Watch-App-Info.plist";
				INFOPLIST_KEY_CFBundleDisplayName = itinerant;
				INFOPLIST_KEY_UISupportedInterfaceOrientations = "UIInterfaceOrientationPortrait UIInterfaceOrientationPortraitUpsideDown";
				INFOPLIST_KEY_WKCompanionAppBundleIdentifier = uk.djml.itinerant;
				LD_RUNPATH_SEARCH_PATHS = (
					"$(inherited)",
					"@executable_path/Frameworks",
				);
				MARKETING_VERSION = 1.0;
				PRODUCT_BUNDLE_IDENTIFIER = uk.djml.itinerant.watchkitapp;
				PRODUCT_NAME = "$(TARGET_NAME)";
				SDKROOT = watchos;
				SKIP_INSTALL = YES;
				SWIFT_EMIT_LOC_STRINGS = YES;
				SWIFT_VERSION = 5.0;
				TARGETED_DEVICE_FAMILY = 4;
				WATCHOS_DEPLOYMENT_TARGET = 9.1;
			};
			name = Debug;
		};
		72E7F095295F3F6500367612 /* Release */ = {
			isa = XCBuildConfiguration;
			buildSettings = {
				ASSETCATALOG_COMPILER_APPICON_NAME = AppIcon;
				ASSETCATALOG_COMPILER_GLOBAL_ACCENT_COLOR_NAME = AccentColor;
				CODE_SIGN_STYLE = Automatic;
				CURRENT_PROJECT_VERSION = 1;
				DEVELOPMENT_ASSET_PATHS = "\"itinerant Watch App/Preview Content\"";
				DEVELOPMENT_TEAM = 69G697CP27;
				ENABLE_PREVIEWS = YES;
				GENERATE_INFOPLIST_FILE = YES;
				INFOPLIST_FILE = "itinerant-Watch-App-Info.plist";
				INFOPLIST_KEY_CFBundleDisplayName = itinerant;
				INFOPLIST_KEY_UISupportedInterfaceOrientations = "UIInterfaceOrientationPortrait UIInterfaceOrientationPortraitUpsideDown";
				INFOPLIST_KEY_WKCompanionAppBundleIdentifier = uk.djml.itinerant;
				LD_RUNPATH_SEARCH_PATHS = (
					"$(inherited)",
					"@executable_path/Frameworks",
				);
				MARKETING_VERSION = 1.0;
				PRODUCT_BUNDLE_IDENTIFIER = uk.djml.itinerant.watchkitapp;
				PRODUCT_NAME = "$(TARGET_NAME)";
				SDKROOT = watchos;
				SKIP_INSTALL = YES;
				SWIFT_EMIT_LOC_STRINGS = YES;
				SWIFT_VERSION = 5.0;
				TARGETED_DEVICE_FAMILY = 4;
				VALIDATE_PRODUCT = YES;
				WATCHOS_DEPLOYMENT_TARGET = 9.1;
			};
			name = Release;
		};
		72E7F098295F3F6500367612 /* Debug */ = {
			isa = XCBuildConfiguration;
			buildSettings = {
				ALWAYS_EMBED_SWIFT_STANDARD_LIBRARIES = YES;
				ASSETCATALOG_COMPILER_APPICON_NAME = AppIcon;
				ASSETCATALOG_COMPILER_GLOBAL_ACCENT_COLOR_NAME = AccentColor;
				CODE_SIGN_STYLE = Automatic;
				CURRENT_PROJECT_VERSION = 1;
				DEVELOPMENT_ASSET_PATHS = "\"itinerant/Preview Content\"";
				DEVELOPMENT_TEAM = 69G697CP27;
				ENABLE_PREVIEWS = YES;
				GENERATE_INFOPLIST_FILE = YES;
				INFOPLIST_FILE = itinerant/Info.plist;
				INFOPLIST_KEY_CFBundleDisplayName = itinerant;
				INFOPLIST_KEY_LSApplicationCategoryType = "public.app-category.productivity";
				INFOPLIST_KEY_LSSupportsOpeningDocumentsInPlace = YES;
				INFOPLIST_KEY_UIApplicationSupportsIndirectInputEvents = YES;
				INFOPLIST_KEY_UILaunchScreen_Generation = YES;
				INFOPLIST_KEY_UISupportedInterfaceOrientations_iPad = "UIInterfaceOrientationPortrait UIInterfaceOrientationPortraitUpsideDown UIInterfaceOrientationLandscapeLeft UIInterfaceOrientationLandscapeRight";
				INFOPLIST_KEY_UISupportedInterfaceOrientations_iPhone = "UIInterfaceOrientationPortrait UIInterfaceOrientationLandscapeLeft UIInterfaceOrientationLandscapeRight";
				INFOPLIST_KEY_UISupportsDocumentBrowser = YES;
				IPHONEOS_DEPLOYMENT_TARGET = 16.0;
				LD_RUNPATH_SEARCH_PATHS = (
					"$(inherited)",
					"@executable_path/Frameworks",
				);
				MARKETING_VERSION = 1.0;
				PRODUCT_BUNDLE_IDENTIFIER = uk.djml.itinerant;
				PRODUCT_NAME = "$(TARGET_NAME)";
				SDKROOT = iphoneos;
				SWIFT_EMIT_LOC_STRINGS = YES;
				SWIFT_VERSION = 5.0;
				TARGETED_DEVICE_FAMILY = "1,2";
			};
			name = Debug;
		};
		72E7F099295F3F6500367612 /* Release */ = {
			isa = XCBuildConfiguration;
			buildSettings = {
				ALWAYS_EMBED_SWIFT_STANDARD_LIBRARIES = YES;
				ASSETCATALOG_COMPILER_APPICON_NAME = AppIcon;
				ASSETCATALOG_COMPILER_GLOBAL_ACCENT_COLOR_NAME = AccentColor;
				CODE_SIGN_STYLE = Automatic;
				CURRENT_PROJECT_VERSION = 1;
				DEVELOPMENT_ASSET_PATHS = "\"itinerant/Preview Content\"";
				DEVELOPMENT_TEAM = 69G697CP27;
				ENABLE_PREVIEWS = YES;
				GENERATE_INFOPLIST_FILE = YES;
				INFOPLIST_FILE = itinerant/Info.plist;
				INFOPLIST_KEY_CFBundleDisplayName = itinerant;
				INFOPLIST_KEY_LSApplicationCategoryType = "public.app-category.productivity";
				INFOPLIST_KEY_LSSupportsOpeningDocumentsInPlace = YES;
				INFOPLIST_KEY_UIApplicationSupportsIndirectInputEvents = YES;
				INFOPLIST_KEY_UILaunchScreen_Generation = YES;
				INFOPLIST_KEY_UISupportedInterfaceOrientations_iPad = "UIInterfaceOrientationPortrait UIInterfaceOrientationPortraitUpsideDown UIInterfaceOrientationLandscapeLeft UIInterfaceOrientationLandscapeRight";
				INFOPLIST_KEY_UISupportedInterfaceOrientations_iPhone = "UIInterfaceOrientationPortrait UIInterfaceOrientationLandscapeLeft UIInterfaceOrientationLandscapeRight";
				INFOPLIST_KEY_UISupportsDocumentBrowser = YES;
				IPHONEOS_DEPLOYMENT_TARGET = 16.0;
				LD_RUNPATH_SEARCH_PATHS = (
					"$(inherited)",
					"@executable_path/Frameworks",
				);
				MARKETING_VERSION = 1.0;
				PRODUCT_BUNDLE_IDENTIFIER = uk.djml.itinerant;
				PRODUCT_NAME = "$(TARGET_NAME)";
				SDKROOT = iphoneos;
				SWIFT_EMIT_LOC_STRINGS = YES;
				SWIFT_VERSION = 5.0;
				TARGETED_DEVICE_FAMILY = "1,2";
				VALIDATE_PRODUCT = YES;
			};
			name = Release;
		};
/* End XCBuildConfiguration section */

/* Begin XCConfigurationList section */
		72E7F06E295F3F6300367612 /* Build configuration list for PBXProject "itinerant" */ = {
			isa = XCConfigurationList;
			buildConfigurations = (
				72E7F091295F3F6500367612 /* Debug */,
				72E7F092295F3F6500367612 /* Release */,
			);
			defaultConfigurationIsVisible = 0;
			defaultConfigurationName = Release;
		};
		72E7F093295F3F6500367612 /* Build configuration list for PBXNativeTarget "itinerant Watch App" */ = {
			isa = XCConfigurationList;
			buildConfigurations = (
				72E7F094295F3F6500367612 /* Debug */,
				72E7F095295F3F6500367612 /* Release */,
			);
			defaultConfigurationIsVisible = 0;
			defaultConfigurationName = Release;
		};
		72E7F097295F3F6500367612 /* Build configuration list for PBXNativeTarget "itinerant" */ = {
			isa = XCConfigurationList;
			buildConfigurations = (
				72E7F098295F3F6500367612 /* Debug */,
				72E7F099295F3F6500367612 /* Release */,
			);
			defaultConfigurationIsVisible = 0;
			defaultConfigurationName = Release;
		};
/* End XCConfigurationList section */
	};
	rootObject = 72E7F06B295F3F6300367612 /* Project object */;
}
